
Microsoft Visual Studio Solution File, Format Version 12.00
# Visual Studio Version 17
VisualStudioVersion = 17.0.32014.148
MinimumVisualStudioVersion = 10.0.40219.1
Project("{FAE04EC0-301F-11D3-BF4B-00C04F79EFBC}") = "JwtWebAPI", "JwtWebAPI\JwtWebAPI.csproj", "{868DF20B-E6DF-449D-8D6E-AE1B85387DC7}"
EndProject
Global
	GlobalSection(SolutionConfigurationPlatforms) = preSolution
		Debug|Any CPU = Debug|Any CPU
		Release|Any CPU = Release|Any CPU
	EndGlobalSection
	GlobalSection(ProjectConfigurationPlatforms) = postSolution
		{868DF20B-E6DF-449D-8D6E-AE1B85387DC7}.Debug|Any CPU.ActiveCfg = Debug|Any CPU
		{868DF20B-E6DF-449D-8D6E-AE1B85387DC7}.Debug|Any CPU.Build.0 = Debug|Any CPU
		{868DF20B-E6DF-449D-8D6E-AE1B85387DC7}.Release|Any CPU.ActiveCfg = Release|Any CPU
		{868DF20B-E6DF-449D-8D6E-AE1B85387DC7}.Release|Any CPU.Build.0 = Release|Any CPU
	EndGlobalSection
	GlobalSection(SolutionProperties) = preSolution
		HideSolutionNode = FALSE
	EndGlobalSection
	GlobalSection(ExtensibilityGlobals) = postSolution
		SolutionGuid = {7E02C80F-7797-400D-9570-6807352C3B96}
	EndGlobalSection
EndGlobal
